
Microsoft Visual Studio Solution File, Format Version 12.00
# Visual Studio 15
VisualStudioVersion = 15.0.27428.2015
MinimumVisualStudioVersion = 10.0.40219.1
Project("{8BC9CEB8-8B4A-11D0-8D11-00A0C91BC942}") = "Cap1Ex2_5Triangle", "Cap1Ex2_5Triangle\Cap1Ex2_5Triangle.vcxproj", "{59377A7F-2C4F-4120-9B2B-C7ED8A95D02C}"
EndProject
Global
	GlobalSection(SolutionConfigurationPlatforms) = preSolution
		Debug|x64 = Debug|x64
		Debug|x86 = Debug|x86
		Release|x64 = Release|x64
		Release|x86 = Release|x86
	EndGlobalSection
	GlobalSection(ProjectConfigurationPlatforms) = postSolution
		{59377A7F-2C4F-4120-9B2B-C7ED8A95D02C}.Debug|x64.ActiveCfg = Debug|x64
		{59377A7F-2C4F-4120-9B2B-C7ED8A95D02C}.Debug|x64.Build.0 = Debug|x64
		{59377A7F-2C4F-4120-9B2B-C7ED8A95D02C}.Debug|x86.ActiveCfg = Debug|Win32
		{59377A7F-2C4F-4120-9B2B-C7ED8A95D02C}.Debug|x86.Build.0 = Debug|Win32
		{59377A7F-2C4F-4120-9B2B-C7ED8A95D02C}.Release|x64.ActiveCfg = Release|x64
		{59377A7F-2C4F-4120-9B2B-C7ED8A95D02C}.Release|x64.Build.0 = Release|x64
		{59377A7F-2C4F-4120-9B2B-C7ED8A95D02C}.Release|x86.ActiveCfg = Release|Win32
		{59377A7F-2C4F-4120-9B2B-C7ED8A95D02C}.Release|x86.Build.0 = Release|Win32
	EndGlobalSection
	GlobalSection(SolutionProperties) = preSolution
		HideSolutionNode = FALSE
	EndGlobalSection
	GlobalSection(ExtensibilityGlobals) = postSolution
		SolutionGuid = {D4D51151-D49B-4DCC-A501-A0DEACB60EFB}
	EndGlobalSection
EndGlobal
